{
  "name": "amethyst-connect",
  "lockfileVersion": 3,
  "requires": true,
  "packages": {
    "": {
      "dependencies": {
        "@minecraft/server": "beta",
        "@minecraft/server-net": "beta",
        "@minecraft/vanilla-data": "^1.20.80"
      }
    },
    "node_modules/@minecraft/common": {
      "version": "1.2.0",
      "resolved": "https://registry.npmjs.org/@minecraft/common/-/common-1.2.0.tgz",
      "integrity": "sha512-JdmEq4P3Z/FtoBzhLijFgMSVFnFRrUoLwY8DHHrgtFo0mfLTOLTB1RErYjLMsA6b7BGVNxkX/pfFRiH7QZ0XwQ=="
    },
    "node_modules/@minecraft/server": {
      "version": "1.12.0-beta.1.21.0-preview.25",
      "resolved": "https://registry.npmjs.org/@minecraft/server/-/server-1.12.0-beta.1.21.0-preview.25.tgz",
      "integrity": "sha512-P+dEulplo+oHqLvNVJkHRxFTdD36cMchAzalGmUXgXy+4mtKNulUa+lU6FDWHPuW+gZXVrob4958L1HX4wx9PQ==",
      "dependencies": {
        "@minecraft/common": "^1.1.0"
      }
    },
    "node_modules/@minecraft/server-admin": {
      "version": "1.0.0-beta.11940b24",
      "resolved": "https://registry.npmjs.org/@minecraft/server-admin/-/server-admin-1.0.0-beta.11940b24.tgz",
      "integrity": "sha512-UZ8YyB8mvF31f22+uM67gJums9d6NDgz9AQ2l4a++EHUP9uen0m3aaBaqM9RyumJpRBJbv/hslAKOyeDT01qew=="
    },
    "node_modules/@minecraft/server-net": {
      "version": "1.0.0-beta.1.21.0-preview.25",
      "resolved": "https://registry.npmjs.org/@minecraft/server-net/-/server-net-1.0.0-beta.1.21.0-preview.25.tgz",
      "integrity": "sha512-26RqiiQrWfO7b7FfHbHA98oh9qHNIiEwGOkq5vNiFWc+IqaB8k1ggBe7UvSEyWBmUchIgWhRk49vJmCdm7qMuA==",
      "dependencies": {
        "@minecraft/common": "^1.0.0",
        "@minecraft/server-admin": "^1.0.0-beta.1.21.0-preview.25"
      }
    },
    "node_modules/@minecraft/vanilla-data": {
      "version": "1.20.80",
      "resolved": "https://registry.npmjs.org/@minecraft/vanilla-data/-/vanilla-data-1.20.80.tgz",
      "integrity": "sha512-eQUBaDy1RtZxcu74Gpv4k5uEGzDseB+QruuokXgfcC/dHaZkpD4KCNFSsbDbISBpJ+6BbnidTQLVQai8OCkxpg=="
    }
  }
}
